
Microsoft Visual Studio Solution File, Format Version 12.00
# Visual Studio 15
VisualStudioVersion = 15.0.27004.2002
MinimumVisualStudioVersion = 10.0.40219.1
Project("{FAE04EC0-301F-11D3-BF4B-00C04F79EFBC}") = "JTaskManager", "Processes\JTaskManager.csproj", "{B6A441EA-D5AC-4B47-91A9-891B6ED1E5AD}"
EndProject
Global
	GlobalSection(SolutionConfigurationPlatforms) = preSolution
		Debug|Any CPU = Debug|Any CPU
		Release|Any CPU = Release|Any CPU
	EndGlobalSection
	GlobalSection(ProjectConfigurationPlatforms) = postSolution
		{B6A441EA-D5AC-4B47-91A9-891B6ED1E5AD}.Debug|Any CPU.ActiveCfg = Debug|Any CPU
		{B6A441EA-D5AC-4B47-91A9-891B6ED1E5AD}.Debug|Any CPU.Build.0 = Debug|Any CPU
		{B6A441EA-D5AC-4B47-91A9-891B6ED1E5AD}.Release|Any CPU.ActiveCfg = Release|Any CPU
		{B6A441EA-D5AC-4B47-91A9-891B6ED1E5AD}.Release|Any CPU.Build.0 = Release|Any CPU
	EndGlobalSection
	GlobalSection(SolutionProperties) = preSolution
		HideSolutionNode = FALSE
	EndGlobalSection
	GlobalSection(ExtensibilityGlobals) = postSolution
		SolutionGuid = {C5C2F47E-AA07-43AB-96D8-CA3902C3CDE8}
	EndGlobalSection
EndGlobal
